
Microsoft Visual Studio Solution File, Format Version 12.00
# Visual Studio Version 16
VisualStudioVersion = 16.0.30225.117
MinimumVisualStudioVersion = 10.0.40219.1
Project("{FAE04EC0-301F-11D3-BF4B-00C04F79EFBC}") = "DXCGalwayWebsite_API", "DXCGalwayWebsite_API\DXCGalwayWebsite_API.csproj", "{DC51DD03-8AE6-4669-A56A-D3011C0DEC07}"
EndProject
Global
	GlobalSection(SolutionConfigurationPlatforms) = preSolution
		Debug|Any CPU = Debug|Any CPU
		Release|Any CPU = Release|Any CPU
	EndGlobalSection
	GlobalSection(ProjectConfigurationPlatforms) = postSolution
		{DC51DD03-8AE6-4669-A56A-D3011C0DEC07}.Debug|Any CPU.ActiveCfg = Debug|Any CPU
		{DC51DD03-8AE6-4669-A56A-D3011C0DEC07}.Debug|Any CPU.Build.0 = Debug|Any CPU
		{DC51DD03-8AE6-4669-A56A-D3011C0DEC07}.Release|Any CPU.ActiveCfg = Release|Any CPU
		{DC51DD03-8AE6-4669-A56A-D3011C0DEC07}.Release|Any CPU.Build.0 = Release|Any CPU
	EndGlobalSection
	GlobalSection(SolutionProperties) = preSolution
		HideSolutionNode = FALSE
	EndGlobalSection
	GlobalSection(ExtensibilityGlobals) = postSolution
		SolutionGuid = {E1B3F2AA-1906-4B32-B363-2161A2BA3820}
	EndGlobalSection
EndGlobal
